
Microsoft Visual Studio Solution File, Format Version 12.00
# Visual Studio Version 17
VisualStudioVersion = 17.8.34330.188
MinimumVisualStudioVersion = 10.0.40219.1
Project("{2150E333-8FDC-42A3-9474-1A3956D46DE8}") = "rsc", "rsc", "{F20B1E90-1C60-4DE4-8A9F-699F87DD7EE8}"
EndProject
Project("{2150E333-8FDC-42A3-9474-1A3956D46DE8}") = "0 - Building Blocks", "0 - Building Blocks", "{325BEDD4-E7B7-47D2-AE14-9A9BBD9C390E}"
EndProject
Project("{2150E333-8FDC-42A3-9474-1A3956D46DE8}") = "1- Apresentacao", "1- Apresentacao", "{956446B7-810C-4418-9ACF-FC28BA94D25A}"
EndProject
Project("{2150E333-8FDC-42A3-9474-1A3956D46DE8}") = "2 - Servicos", "2 - Servicos", "{B1A9C99A-B8D7-4C34-A482-1F20972A0F4C}"
EndProject
Project("{2150E333-8FDC-42A3-9474-1A3956D46DE8}") = "3 - Aplicacao", "3 - Aplicacao", "{4090F7D0-1BB9-4FC4-8A5A-E08D2EBDF9BC}"
EndProject
Project("{2150E333-8FDC-42A3-9474-1A3956D46DE8}") = "4 - Dominio", "4 - Dominio", "{630970C7-3827-46D0-9AFE-C406DA455667}"
EndProject
Project("{2150E333-8FDC-42A3-9474-1A3956D46DE8}") = "5 - Infra", "5 - Infra", "{08A679E0-4FA2-48E3-AE8E-BFA974DD0819}"
EndProject
Project("{2150E333-8FDC-42A3-9474-1A3956D46DE8}") = "6 - Testes", "6 - Testes", "{892F1DB6-DA92-473C-93B3-28054418BBF1}"
EndProject
Project("{FAE04EC0-301F-11D3-BF4B-00C04F79EFBC}") = "Senac.Padaria.Core", "..\rsc\Senac.Padaria.Core\Senac.Padaria.Core.csproj", "{D0EEDED7-8D58-4E51-AE94-A79854BF614E}"
EndProject
Global
	GlobalSection(SolutionConfigurationPlatforms) = preSolution
		Debug|Any CPU = Debug|Any CPU
		Release|Any CPU = Release|Any CPU
	EndGlobalSection
	GlobalSection(ProjectConfigurationPlatforms) = postSolution
		{D0EEDED7-8D58-4E51-AE94-A79854BF614E}.Debug|Any CPU.ActiveCfg = Debug|Any CPU
		{D0EEDED7-8D58-4E51-AE94-A79854BF614E}.Debug|Any CPU.Build.0 = Debug|Any CPU
		{D0EEDED7-8D58-4E51-AE94-A79854BF614E}.Release|Any CPU.ActiveCfg = Release|Any CPU
		{D0EEDED7-8D58-4E51-AE94-A79854BF614E}.Release|Any CPU.Build.0 = Release|Any CPU
	EndGlobalSection
	GlobalSection(SolutionProperties) = preSolution
		HideSolutionNode = FALSE
	EndGlobalSection
	GlobalSection(NestedProjects) = preSolution
		{325BEDD4-E7B7-47D2-AE14-9A9BBD9C390E} = {F20B1E90-1C60-4DE4-8A9F-699F87DD7EE8}
		{956446B7-810C-4418-9ACF-FC28BA94D25A} = {F20B1E90-1C60-4DE4-8A9F-699F87DD7EE8}
		{B1A9C99A-B8D7-4C34-A482-1F20972A0F4C} = {F20B1E90-1C60-4DE4-8A9F-699F87DD7EE8}
		{4090F7D0-1BB9-4FC4-8A5A-E08D2EBDF9BC} = {F20B1E90-1C60-4DE4-8A9F-699F87DD7EE8}
		{630970C7-3827-46D0-9AFE-C406DA455667} = {F20B1E90-1C60-4DE4-8A9F-699F87DD7EE8}
		{08A679E0-4FA2-48E3-AE8E-BFA974DD0819} = {F20B1E90-1C60-4DE4-8A9F-699F87DD7EE8}
		{892F1DB6-DA92-473C-93B3-28054418BBF1} = {F20B1E90-1C60-4DE4-8A9F-699F87DD7EE8}
		{D0EEDED7-8D58-4E51-AE94-A79854BF614E} = {325BEDD4-E7B7-47D2-AE14-9A9BBD9C390E}
	EndGlobalSection
	GlobalSection(ExtensibilityGlobals) = postSolution
		SolutionGuid = {B28363EE-9E52-49E1-B249-30EB3E0D5C3A}
	EndGlobalSection
EndGlobal
